
Microsoft Visual Studio Solution File, Format Version 12.00
# Visual Studio Version 17
VisualStudioVersion = 17.5.33627.172
MinimumVisualStudioVersion = 10.0.40219.1
Project("{FAE04EC0-301F-11D3-BF4B-00C04F79EFBC}") = "I LOVE PIPES", "I LOVE PIPES\I LOVE PIPES.csproj", "{FE135005-88BA-47F2-9BC0-F16EF21D6868}"
EndProject
Global
	GlobalSection(SolutionConfigurationPlatforms) = preSolution
		Debug|Any CPU = Debug|Any CPU
		Release|Any CPU = Release|Any CPU
	EndGlobalSection
	GlobalSection(ProjectConfigurationPlatforms) = postSolution
		{FE135005-88BA-47F2-9BC0-F16EF21D6868}.Debug|Any CPU.ActiveCfg = Debug|Any CPU
		{FE135005-88BA-47F2-9BC0-F16EF21D6868}.Debug|Any CPU.Build.0 = Debug|Any CPU
		{FE135005-88BA-47F2-9BC0-F16EF21D6868}.Release|Any CPU.ActiveCfg = Release|Any CPU
		{FE135005-88BA-47F2-9BC0-F16EF21D6868}.Release|Any CPU.Build.0 = Release|Any CPU
	EndGlobalSection
	GlobalSection(SolutionProperties) = preSolution
		HideSolutionNode = FALSE
	EndGlobalSection
	GlobalSection(ExtensibilityGlobals) = postSolution
		SolutionGuid = {DF238220-1C27-4775-AE22-AFB33D997DBC}
	EndGlobalSection
EndGlobal
